// !$*UTF8*$!
{
	archiveVersion = 1;
	classes = {
	};
	objectVersion = 46;
	objects = {

/* Begin PBXBuildFile section */
		5B0BAE2A18E1010400434CB0 /* Foundation.framework in Frameworks */ = {isa = PBXBuildFile; fileRef = 5B0BAE2918E1010400434CB0 /* Foundation.framework */; };
		5B0BAE2C18E1010400434CB0 /* CoreGraphics.framework in Frameworks */ = {isa = PBXBuildFile; fileRef = 5B0BAE2B18E1010400434CB0 /* CoreGraphics.framework */; };
		5B0BAE2E18E1010400434CB0 /* UIKit.framework in Frameworks */ = {isa = PBXBuildFile; fileRef = 5B0BAE2D18E1010400434CB0 /* UIKit.framework */; };
		5B0BAE3418E1010400434CB0 /* InfoPlist.strings in Resources */ = {isa = PBXBuildFile; fileRef = 5B0BAE3218E1010400434CB0 /* InfoPlist.strings */; };
		5B0BAE3618E1010400434CB0 /* main.m in Sources */ = {isa = PBXBuildFile; fileRef = 5B0BAE3518E1010400434CB0 /* main.m */; };
		5B0BAE3A18E1010400434CB0 /* FurbAppDelegate.m in Sources */ = {isa = PBXBuildFile; fileRef = 5B0BAE3918E1010400434CB0 /* FurbAppDelegate.m */; };
		5B0BAE3D18E1010400434CB0 /* Main_iPhone.storyboard in Resources */ = {isa = PBXBuildFile; fileRef = 5B0BAE3B18E1010400434CB0 /* Main_iPhone.storyboard */; };
		5B0BAE4018E1010400434CB0 /* Main_iPad.storyboard in Resources */ = {isa = PBXBuildFile; fileRef = 5B0BAE3E18E1010400434CB0 /* Main_iPad.storyboard */; };
		5B0BAE4318E1010400434CB0 /* FurbMasterViewController.m in Sources */ = {isa = PBXBuildFile; fileRef = 5B0BAE4218E1010400434CB0 /* FurbMasterViewController.m */; };
		5B0BAE4618E1010400434CB0 /* FurbDetailViewController.m in Sources */ = {isa = PBXBuildFile; fileRef = 5B0BAE4518E1010400434CB0 /* FurbDetailViewController.m */; };
		5B0BAE4818E1010400434CB0 /* Images.xcassets in Resources */ = {isa = PBXBuildFile; fileRef = 5B0BAE4718E1010400434CB0 /* Images.xcassets */; };
		5B0BAE4F18E1010400434CB0 /* XCTest.framework in Frameworks */ = {isa = PBXBuildFile; fileRef = 5B0BAE4E18E1010400434CB0 /* XCTest.framework */; };
		5B0BAE5018E1010400434CB0 /* Foundation.framework in Frameworks */ = {isa = PBXBuildFile; fileRef = 5B0BAE2918E1010400434CB0 /* Foundation.framework */; };
		5B0BAE5118E1010400434CB0 /* UIKit.framework in Frameworks */ = {isa = PBXBuildFile; fileRef = 5B0BAE2D18E1010400434CB0 /* UIKit.framework */; };
		5B0BAE5918E1010400434CB0 /* InfoPlist.strings in Resources */ = {isa = PBXBuildFile; fileRef = 5B0BAE5718E1010400434CB0 /* InfoPlist.strings */; };
		5B0BAE5B18E1010400434CB0 /* Projeto_01Tests.m in Sources */ = {isa = PBXBuildFile; fileRef = 5B0BAE5A18E1010400434CB0 /* Projeto_01Tests.m */; };
/* End PBXBuildFile section */

/* Begin PBXContainerItemProxy section */
		5B0BAE5218E1010400434CB0 /* PBXContainerItemProxy */ = {
			isa = PBXContainerItemProxy;
			containerPortal = 5B0BAE1E18E1010400434CB0 /* Project object */;
			proxyType = 1;
			remoteGlobalIDString = 5B0BAE2518E1010400434CB0;
			remoteInfo = Projeto_01;
		};
/* End PBXContainerItemProxy section */

/* Begin PBXFileReference section */
		5B0BAE2618E1010400434CB0 /* Projeto_01.app */ = {isa = PBXFileReference; explicitFileType = wrapper.application; includeInIndex = 0; path = Projeto_01.app; sourceTree = BUILT_PRODUCTS_DIR; };
		5B0BAE2918E1010400434CB0 /* Foundation.framework */ = {isa = PBXFileReference; lastKnownFileType = wrapper.framework; name = Foundation.framework; path = System/Library/Frameworks/Foundation.framework; sourceTree = SDKROOT; };
		5B0BAE2B18E1010400434CB0 /* CoreGraphics.framework */ = {isa = PBXFileReference; lastKnownFileType = wrapper.framework; name = CoreGraphics.framework; path = System/Library/Frameworks/CoreGraphics.framework; sourceTree = SDKROOT; };
		5B0BAE2D18E1010400434CB0 /* UIKit.framework */ = {isa = PBXFileReference; lastKnownFileType = wrapper.framework; name = UIKit.framework; path = System/Library/Frameworks/UIKit.framework; sourceTree = SDKROOT; };
		5B0BAE3118E1010400434CB0 /* Projeto_01-Info.plist */ = {isa = PBXFileReference; lastKnownFileType = text.plist.xml; path = "Projeto_01-Info.plist"; sourceTree = "<group>"; };
		5B0BAE3318E1010400434CB0 /* en */ = {isa = PBXFileReference; lastKnownFileType = text.plist.strings; name = en; path = en.lproj/InfoPlist.strings; sourceTree = "<group>"; };
		5B0BAE3518E1010400434CB0 /* main.m */ = {isa = PBXFileReference; lastKnownFileType = sourcecode.c.objc; path = main.m; sourceTree = "<group>"; };
		5B0BAE3718E1010400434CB0 /* Projeto_01-Prefix.pch */ = {isa = PBXFileReference; lastKnownFileType = sourcecode.c.h; path = "Projeto_01-Prefix.pch"; sourceTree = "<group>"; };
		5B0BAE3818E1010400434CB0 /* FurbAppDelegate.h */ = {isa = PBXFileReference; lastKnownFileType = sourcecode.c.h; path = FurbAppDelegate.h; sourceTree = "<group>"; };
		5B0BAE3918E1010400434CB0 /* FurbAppDelegate.m */ = {isa = PBXFileReference; lastKnownFileType = sourcecode.c.objc; path = FurbAppDelegate.m; sourceTree = "<group>"; };
		5B0BAE3C18E1010400434CB0 /* Base */ = {isa = PBXFileReference; lastKnownFileType = file.storyboard; name = Base; path = Base.lproj/Main_iPhone.storyboard; sourceTree = "<group>"; };
		5B0BAE3F18E1010400434CB0 /* Base */ = {isa = PBXFileReference; lastKnownFileType = file.storyboard; name = Base; path = Base.lproj/Main_iPad.storyboard; sourceTree = "<group>"; };
		5B0BAE4118E1010400434CB0 /* FurbMasterViewController.h */ = {isa = PBXFileReference; lastKnownFileType = sourcecode.c.h; path = FurbMasterViewController.h; sourceTree = "<group>"; };
		5B0BAE4218E1010400434CB0 /* FurbMasterViewController.m */ = {isa = PBXFileReference; lastKnownFileType = sourcecode.c.objc; path = FurbMasterViewController.m; sourceTree = "<group>"; };
		5B0BAE4418E1010400434CB0 /* FurbDetailViewController.h */ = {isa = PBXFileReference; lastKnownFileType = sourcecode.c.h; path = FurbDetailViewController.h; sourceTree = "<group>"; };
		5B0BAE4518E1010400434CB0 /* FurbDetailViewController.m */ = {isa = PBXFileReference; lastKnownFileType = sourcecode.c.objc; path = FurbDetailViewController.m; sourceTree = "<group>"; };
		5B0BAE4718E1010400434CB0 /* Images.xcassets */ = {isa = PBXFileReference; lastKnownFileType = folder.assetcatalog; path = Images.xcassets; sourceTree = "<group>"; };
		5B0BAE4D18E1010400434CB0 /* Projeto_01Tests.xctest */ = {isa = PBXFileReference; explicitFileType = wrapper.cfbundle; includeInIndex = 0; path = Projeto_01Tests.xctest; sourceTree = BUILT_PRODUCTS_DIR; };
		5B0BAE4E18E1010400434CB0 /* XCTest.framework */ = {isa = PBXFileReference; lastKnownFileType = wrapper.framework; name = XCTest.framework; path = Library/Frameworks/XCTest.framework; sourceTree = DEVELOPER_DIR; };
		5B0BAE5618E1010400434CB0 /* Projeto_01Tests-Info.plist */ = {isa = PBXFileReference; lastKnownFileType = text.plist.xml; path = "Projeto_01Tests-Info.plist"; sourceTree = "<group>"; };
		5B0BAE5818E1010400434CB0 /* en */ = {isa = PBXFileReference; lastKnownFileType = text.plist.strings; name = en; path = en.lproj/InfoPlist.strings; sourceTree = "<group>"; };
		5B0BAE5A18E1010400434CB0 /* Projeto_01Tests.m */ = {isa = PBXFileReference; lastKnownFileType = sourcecode.c.objc; path = Projeto_01Tests.m; sourceTree = "<group>"; };
/* End PBXFileReference section */

/* Begin PBXFrameworksBuildPhase section */
		5B0BAE2318E1010400434CB0 /* Frameworks */ = {
			isa = PBXFrameworksBuildPhase;
			buildActionMask = 2147483647;
			files = (
				5B0BAE2C18E1010400434CB0 /* CoreGraphics.framework in Frameworks */,
				5B0BAE2E18E1010400434CB0 /* UIKit.framework in Frameworks */,
				5B0BAE2A18E1010400434CB0 /* Foundation.framework in Frameworks */,
			);
			runOnlyForDeploymentPostprocessing = 0;
		};
		5B0BAE4A18E1010400434CB0 /* Frameworks */ = {
			isa = PBXFrameworksBuildPhase;
			buildActionMask = 2147483647;
			files = (
				5B0BAE4F18E1010400434CB0 /* XCTest.framework in Frameworks */,
				5B0BAE5118E1010400434CB0 /* UIKit.framework in Frameworks */,
				5B0BAE5018E1010400434CB0 /* Foundation.framework in Frameworks */,
			);
			runOnlyForDeploymentPostprocessing = 0;
		};
/* End PBXFrameworksBuildPhase section */

/* Begin PBXGroup section */
		5B0BAE1D18E1010400434CB0 = {
			isa = PBXGroup;
			children = (
				5B0BAE2F18E1010400434CB0 /* Projeto_01 */,
				5B0BAE5418E1010400434CB0 /* Projeto_01Tests */,
				5B0BAE2818E1010400434CB0 /* Frameworks */,
				5B0BAE2718E1010400434CB0 /* Products */,
			);
			sourceTree = "<group>";
		};
		5B0BAE2718E1010400434CB0 /* Products */ = {
			isa = PBXGroup;
			children = (
				5B0BAE2618E1010400434CB0 /* Projeto_01.app */,
				5B0BAE4D18E1010400434CB0 /* Projeto_01Tests.xctest */,
			);
			name = Products;
			sourceTree = "<group>";
		};
		5B0BAE2818E1010400434CB0 /* Frameworks */ = {
			isa = PBXGroup;
			children = (
				5B0BAE2918E1010400434CB0 /* Foundation.framework */,
				5B0BAE2B18E1010400434CB0 /* CoreGraphics.framework */,
				5B0BAE2D18E1010400434CB0 /* UIKit.framework */,
				5B0BAE4E18E1010400434CB0 /* XCTest.framework */,
			);
			name = Frameworks;
			sourceTree = "<group>";
		};
		5B0BAE2F18E1010400434CB0 /* Projeto_01 */ = {
			isa = PBXGroup;
			children = (
				5B0BAE3818E1010400434CB0 /* FurbAppDelegate.h */,
				5B0BAE3918E1010400434CB0 /* FurbAppDelegate.m */,
				5B0BAE3B18E1010400434CB0 /* Main_iPhone.storyboard */,
				5B0BAE3E18E1010400434CB0 /* Main_iPad.storyboard */,
				5B0BAE4118E1010400434CB0 /* FurbMasterViewController.h */,
				5B0BAE4218E1010400434CB0 /* FurbMasterViewController.m */,
				5B0BAE4418E1010400434CB0 /* FurbDetailViewController.h */,
				5B0BAE4518E1010400434CB0 /* FurbDetailViewController.m */,
				5B0BAE4718E1010400434CB0 /* Images.xcassets */,
				5B0BAE3018E1010400434CB0 /* Supporting Files */,
			);
			path = Projeto_01;
			sourceTree = "<group>";
		};
		5B0BAE3018E1010400434CB0 /* Supporting Files */ = {
			isa = PBXGroup;
			children = (
				5B0BAE3118E1010400434CB0 /* Projeto_01-Info.plist */,
				5B0BAE3218E1010400434CB0 /* InfoPlist.strings */,
				5B0BAE3518E1010400434CB0 /* main.m */,
				5B0BAE3718E1010400434CB0 /* Projeto_01-Prefix.pch */,
			);
			name = "Supporting Files";
			sourceTree = "<group>";
		};
		5B0BAE5418E1010400434CB0 /* Projeto_01Tests */ = {
			isa = PBXGroup;
			children = (
				5B0BAE5A18E1010400434CB0 /* Projeto_01Tests.m */,
				5B0BAE5518E1010400434CB0 /* Supporting Files */,
			);
			path = Projeto_01Tests;
			sourceTree = "<group>";
		};
		5B0BAE5518E1010400434CB0 /* Supporting Files */ = {
			isa = PBXGroup;
			children = (
				5B0BAE5618E1010400434CB0 /* Projeto_01Tests-Info.plist */,
				5B0BAE5718E1010400434CB0 /* InfoPlist.strings */,
			);
			name = "Supporting Files";
			sourceTree = "<group>";
		};
/* End PBXGroup section */

/* Begin PBXNativeTarget section */
		5B0BAE2518E1010400434CB0 /* Projeto_01 */ = {
			isa = PBXNativeTarget;
			buildConfigurationList = 5B0BAE5E18E1010400434CB0 /* Build configuration list for PBXNativeTarget "Projeto_01" */;
			buildPhases = (
				5B0BAE2218E1010400434CB0 /* Sources */,
				5B0BAE2318E1010400434CB0 /* Frameworks */,
				5B0BAE2418E1010400434CB0 /* Resources */,
			);
			buildRules = (
			);
			dependencies = (
			);
			name = Projeto_01;
			productName = Projeto_01;
			productReference = 5B0BAE2618E1010400434CB0 /* Projeto_01.app */;
			productType = "com.apple.product-type.application";
		};
		5B0BAE4C18E1010400434CB0 /* Projeto_01Tests */ = {
			isa = PBXNativeTarget;
			buildConfigurationList = 5B0BAE6118E1010400434CB0 /* Build configuration list for PBXNativeTarget "Projeto_01Tests" */;
			buildPhases = (
				5B0BAE4918E1010400434CB0 /* Sources */,
				5B0BAE4A18E1010400434CB0 /* Frameworks */,
				5B0BAE4B18E1010400434CB0 /* Resources */,
			);
			buildRules = (
			);
			dependencies = (
				5B0BAE5318E1010400434CB0 /* PBXTargetDependency */,
			);
			name = Projeto_01Tests;
			productName = Projeto_01Tests;
			productReference = 5B0BAE4D18E1010400434CB0 /* Projeto_01Tests.xctest */;
			productType = "com.apple.product-type.bundle.unit-test";
		};
/* End PBXNativeTarget section */

/* Begin PBXProject section */
		5B0BAE1E18E1010400434CB0 /* Project object */ = {
			isa = PBXProject;
			attributes = {
				CLASSPREFIX = Furb;
				LastUpgradeCheck = 0510;
				ORGANIZATIONNAME = Furb;
				TargetAttributes = {
					5B0BAE4C18E1010400434CB0 = {
						TestTargetID = 5B0BAE2518E1010400434CB0;
					};
				};
			};
			buildConfigurationList = 5B0BAE2118E1010400434CB0 /* Build configuration list for PBXProject "Projeto_01" */;
			compatibilityVersion = "Xcode 3.2";
			developmentRegion = English;
			hasScannedForEncodings = 0;
			knownRegions = (
				en,
				Base,
			);
			mainGroup = 5B0BAE1D18E1010400434CB0;
			productRefGroup = 5B0BAE2718E1010400434CB0 /* Products */;
			projectDirPath = "";
			projectRoot = "";
			targets = (
				5B0BAE2518E1010400434CB0 /* Projeto_01 */,
				5B0BAE4C18E1010400434CB0 /* Projeto_01Tests */,
			);
		};
/* End PBXProject section */

/* Begin PBXResourcesBuildPhase section */
		5B0BAE2418E1010400434CB0 /* Resources */ = {
			isa = PBXResourcesBuildPhase;
			buildActionMask = 2147483647;
			files = (
				5B0BAE4018E1010400434CB0 /* Main_iPad.storyboard in Resources */,
				5B0BAE4818E1010400434CB0 /* Images.xcassets in Resources */,
				5B0BAE3D18E1010400434CB0 /* Main_iPhone.storyboard in Resources */,
				5B0BAE3418E1010400434CB0 /* InfoPlist.strings in Resources */,
			);
			runOnlyForDeploymentPostprocessing = 0;
		};
		5B0BAE4B18E1010400434CB0 /* Resources */ = {
			isa = PBXResourcesBuildPhase;
			buildActionMask = 2147483647;
			files = (
				5B0BAE5918E1010400434CB0 /* InfoPlist.strings in Resources */,
			);
			runOnlyForDeploymentPostprocessing = 0;
		};
/* End PBXResourcesBuildPhase section */

/* Begin PBXSourcesBuildPhase section */
		5B0BAE2218E1010400434CB0 /* Sources */ = {
			isa = PBXSourcesBuildPhase;
			buildActionMask = 2147483647;
			files = (
				5B0BAE3618E1010400434CB0 /* main.m in Sources */,
				5B0BAE4318E1010400434CB0 /* FurbMasterViewController.m in Sources */,
				5B0BAE4618E1010400434CB0 /* FurbDetailViewController.m in Sources */,
				5B0BAE3A18E1010400434CB0 /* FurbAppDelegate.m in Sources */,
			);
			runOnlyForDeploymentPostprocessing = 0;
		};
		5B0BAE4918E1010400434CB0 /* Sources */ = {
			isa = PBXSourcesBuildPhase;
			buildActionMask = 2147483647;
			files = (
				5B0BAE5B18E1010400434CB0 /* Projeto_01Tests.m in Sources */,
			);
			runOnlyForDeploymentPostprocessing = 0;
		};
/* End PBXSourcesBuildPhase section */

/* Begin PBXTargetDependency section */
		5B0BAE5318E1010400434CB0 /* PBXTargetDependency */ = {
			isa = PBXTargetDependency;
			target = 5B0BAE2518E1010400434CB0 /* Projeto_01 */;
			targetProxy = 5B0BAE5218E1010400434CB0 /* PBXContainerItemProxy */;
		};
/* End PBXTargetDependency section */

/* Begin PBXVariantGroup section */
		5B0BAE3218E1010400434CB0 /* InfoPlist.strings */ = {
			isa = PBXVariantGroup;
			children = (
				5B0BAE3318E1010400434CB0 /* en */,
			);
			name = InfoPlist.strings;
			sourceTree = "<group>";
		};
		5B0BAE3B18E1010400434CB0 /* Main_iPhone.storyboard */ = {
			isa = PBXVariantGroup;
			children = (
				5B0BAE3C18E1010400434CB0 /* Base */,
			);
			name = Main_iPhone.storyboard;
			sourceTree = "<group>";
		};
		5B0BAE3E18E1010400434CB0 /* Main_iPad.storyboard */ = {
			isa = PBXVariantGroup;
			children = (
				5B0BAE3F18E1010400434CB0 /* Base */,
			);
			name = Main_iPad.storyboard;
			sourceTree = "<group>";
		};
		5B0BAE5718E1010400434CB0 /* InfoPlist.strings */ = {
			isa = PBXVariantGroup;
			children = (
				5B0BAE5818E1010400434CB0 /* en */,
			);
			name = InfoPlist.strings;
			sourceTree = "<group>";
		};
/* End PBXVariantGroup section */

/* Begin XCBuildConfiguration section */
		5B0BAE5C18E1010400434CB0 /* Debug */ = {
			isa = XCBuildConfiguration;
			buildSettings = {
				ALWAYS_SEARCH_USER_PATHS = NO;
				CLANG_CXX_LANGUAGE_STANDARD = "gnu++0x";
				CLANG_CXX_LIBRARY = "libc++";
				CLANG_ENABLE_MODULES = YES;
				CLANG_ENABLE_OBJC_ARC = YES;
				CLANG_WARN_BOOL_CONVERSION = YES;
				CLANG_WARN_CONSTANT_CONVERSION = YES;
				CLANG_WARN_DIRECT_OBJC_ISA_USAGE = YES_ERROR;
				CLANG_WARN_EMPTY_BODY = YES;
				CLANG_WARN_ENUM_CONVERSION = YES;
				CLANG_WARN_INT_CONVERSION = YES;
				CLANG_WARN_OBJC_ROOT_CLASS = YES_ERROR;
				CLANG_WARN__DUPLICATE_METHOD_MATCH = YES;
				"CODE_SIGN_IDENTITY[sdk=iphoneos*]" = "iPhone Developer";
				COPY_PHASE_STRIP = NO;
				GCC_C_LANGUAGE_STANDARD = gnu99;
				GCC_DYNAMIC_NO_PIC = NO;
				GCC_OPTIMIZATION_LEVEL = 0;
				GCC_PREPROCESSOR_DEFINITIONS = (
					"DEBUG=1",
					"$(inherited)",
				);
				GCC_SYMBOLS_PRIVATE_EXTERN = NO;
				GCC_WARN_64_TO_32_BIT_CONVERSION = YES;
				GCC_WARN_ABOUT_RETURN_TYPE = YES_ERROR;
				GCC_WARN_UNDECLARED_SELECTOR = YES;
				GCC_WARN_UNINITIALIZED_AUTOS = YES_AGGRESSIVE;
				GCC_WARN_UNUSED_FUNCTION = YES;
				GCC_WARN_UNUSED_VARIABLE = YES;
				IPHONEOS_DEPLOYMENT_TARGET = 7.1;
				ONLY_ACTIVE_ARCH = YES;
				SDKROOT = iphoneos;
				TARGETED_DEVICE_FAMILY = "1,2";
			};
			name = Debug;
		};
		5B0BAE5D18E1010400434CB0 /* Release */ = {
			isa = XCBuildConfiguration;
			buildSettings = {
				ALWAYS_SEARCH_USER_PATHS = NO;
				CLANG_CXX_LANGUAGE_STANDARD = "gnu++0x";
				CLANG_CXX_LIBRARY = "libc++";
				CLANG_ENABLE_MODULES = YES;
				CLANG_ENABLE_OBJC_ARC = YES;
				CLANG_WARN_BOOL_CONVERSION = YES;
				CLANG_WARN_CONSTANT_CONVERSION = YES;
				CLANG_WARN_DIRECT_OBJC_ISA_USAGE = YES_ERROR;
				CLANG_WARN_EMPTY_BODY = YES;
				CLANG_WARN_ENUM_CONVERSION = YES;
				CLANG_WARN_INT_CONVERSION = YES;
				CLANG_WARN_OBJC_ROOT_CLASS = YES_ERROR;
				CLANG_WARN__DUPLICATE_METHOD_MATCH = YES;
				"CODE_SIGN_IDENTITY[sdk=iphoneos*]" = "iPhone Developer";
				COPY_PHASE_STRIP = YES;
				ENABLE_NS_ASSERTIONS = NO;
				GCC_C_LANGUAGE_STANDARD = gnu99;
				GCC_WARN_64_TO_32_BIT_CONVERSION = YES;
				GCC_WARN_ABOUT_RETURN_TYPE = YES_ERROR;
				GCC_WARN_UNDECLARED_SELECTOR = YES;
				GCC_WARN_UNINITIALIZED_AUTOS = YES_AGGRESSIVE;
				GCC_WARN_UNUSED_FUNCTION = YES;
				GCC_WARN_UNUSED_VARIABLE = YES;
				IPHONEOS_DEPLOYMENT_TARGET = 7.1;
				SDKROOT = iphoneos;
				TARGETED_DEVICE_FAMILY = "1,2";
				VALIDATE_PRODUCT = YES;
			};
			name = Release;
		};
		5B0BAE5F18E1010400434CB0 /* Debug */ = {
			isa = XCBuildConfiguration;
			buildSettings = {
				ASSETCATALOG_COMPILER_APPICON_NAME = AppIcon;
				ASSETCATALOG_COMPILER_LAUNCHIMAGE_NAME = LaunchImage;
				GCC_PRECOMPILE_PREFIX_HEADER = YES;
				GCC_PREFIX_HEADER = "Projeto_01/Projeto_01-Prefix.pch";
				INFOPLIST_FILE = "Projeto_01/Projeto_01-Info.plist";
				PRODUCT_NAME = "$(TARGET_NAME)";
				WRAPPER_EXTENSION = app;
			};
			name = Debug;
		};
		5B0BAE6018E1010400434CB0 /* Release */ = {
			isa = XCBuildConfiguration;
			buildSettings = {
				ASSETCATALOG_COMPILER_APPICON_NAME = AppIcon;
				ASSETCATALOG_COMPILER_LAUNCHIMAGE_NAME = LaunchImage;
				GCC_PRECOMPILE_PREFIX_HEADER = YES;
				GCC_PREFIX_HEADER = "Projeto_01/Projeto_01-Prefix.pch";
				INFOPLIST_FILE = "Projeto_01/Projeto_01-Info.plist";
				PRODUCT_NAME = "$(TARGET_NAME)";
				WRAPPER_EXTENSION = app;
			};
			name = Release;
		};
		5B0BAE6218E1010400434CB0 /* Debug */ = {
			isa = XCBuildConfiguration;
			buildSettings = {
				BUNDLE_LOADER = "$(BUILT_PRODUCTS_DIR)/Projeto_01.app/Projeto_01";
				FRAMEWORK_SEARCH_PATHS = (
					"$(SDKROOT)/Developer/Library/Frameworks",
					"$(inherited)",
					"$(DEVELOPER_FRAMEWORKS_DIR)",
				);
				GCC_PRECOMPILE_PREFIX_HEADER = YES;
				GCC_PREFIX_HEADER = "Projeto_01/Projeto_01-Prefix.pch";
				GCC_PREPROCESSOR_DEFINITIONS = (
					"DEBUG=1",
					"$(inherited)",
				);
				INFOPLIST_FILE = "Projeto_01Tests/Projeto_01Tests-Info.plist";
				PRODUCT_NAME = "$(TARGET_NAME)";
				TEST_HOST = "$(BUNDLE_LOADER)";
				WRAPPER_EXTENSION = xctest;
			};
			name = Debug;
		};
		5B0BAE6318E1010400434CB0 /* Release */ = {
			isa = XCBuildConfiguration;
			buildSettings = {
				BUNDLE_LOADER = "$(BUILT_PRODUCTS_DIR)/Projeto_01.app/Projeto_01";
				FRAMEWORK_SEARCH_PATHS = (
					"$(SDKROOT)/Developer/Library/Frameworks",
					"$(inherited)",
					"$(DEVELOPER_FRAMEWORKS_DIR)",
				);
				GCC_PRECOMPILE_PREFIX_HEADER = YES;
				GCC_PREFIX_HEADER = "Projeto_01/Projeto_01-Prefix.pch";
				INFOPLIST_FILE = "Projeto_01Tests/Projeto_01Tests-Info.plist";
				PRODUCT_NAME = "$(TARGET_NAME)";
				TEST_HOST = "$(BUNDLE_LOADER)";
				WRAPPER_EXTENSION = xctest;
			};
			name = Release;
		};
/* End XCBuildConfiguration section */

/* Begin XCConfigurationList section */
		5B0BAE2118E1010400434CB0 /* Build configuration list for PBXProject "Projeto_01" */ = {
			isa = XCConfigurationList;
			buildConfigurations = (
				5B0BAE5C18E1010400434CB0 /* Debug */,
				5B0BAE5D18E1010400434CB0 /* Release */,
			);
			defaultConfigurationIsVisible = 0;
			defaultConfigurationName = Release;
		};
		5B0BAE5E18E1010400434CB0 /* Build configuration list for PBXNativeTarget "Projeto_01" */ = {
			isa = XCConfigurationList;
			buildConfigurations = (
				5B0BAE5F18E1010400434CB0 /* Debug */,
				5B0BAE6018E1010400434CB0 /* Release */,
			);
			defaultConfigurationIsVisible = 0;
		};
		5B0BAE6118E1010400434CB0 /* Build configuration list for PBXNativeTarget "Projeto_01Tests" */ = {
			isa = XCConfigurationList;
			buildConfigurations = (
				5B0BAE6218E1010400434CB0 /* Debug */,
				5B0BAE6318E1010400434CB0 /* Release */,
			);
			defaultConfigurationIsVisible = 0;
		};
/* End XCConfigurationList section */
	};
	rootObject = 5B0BAE1E18E1010400434CB0 /* Project object */;
}
